GEM
  remote: https://rubygems.org/
  specs:
    erb (6.0.6)
    local-development-gateway (0.1.0)
    logger (1.7.0)
    ostruct (0.6.3)
    prism (1.9.0)
    rbs (4.1.0)
      logger
      prism (>= 1.6.0)
      tsort
    rdoc (8.0.0)
      erb
      prism (>= 1.6.0)
      rbs (>= 4.0.0)
      tsort
    tsort (0.2.0)

PLATFORMS
  ruby
  x86_64-linux

DEPENDENCIES
  local-development-gateway (~> 0.1)
  ostruct
  rdoc

CHECKSUMS
  erb (6.0.6) sha256=a9b24986700f5bf127c4f297c5403c3ca41b83b0a316c0cd09a096b56e644ae5
  local-development-gateway (0.1.0) sha256=0f443837bbc4900ae0f3ea383c2055b27f741e4c81a57d03d0e5a8e9bdc6bff7
  logger (1.7.0) sha256=196edec7cc44b66cfb40f9755ce11b392f21f7967696af15d274dde7edff0203
  ostruct (0.6.3) sha256=95a2ed4a4bd1d190784e666b47b2d3f078e4a9efda2fccf18f84ddc6538ed912
  prism (1.9.0) sha256=7b530c6a9f92c24300014919c9dcbc055bf4cdf51ec30aed099b06cd6674ef85
  rbs (4.1.0) sha256=8baba59008b0643b4ba2090e9b1d0149655b0bbd42eb2ffe42b1d0eb6923fd72
  rdoc (8.0.0) sha256=03bf8c08a9639658855a0cfd77c0abca8325c227693f7f33f82957811348c469
  tsort (0.2.0) sha256=9650a793f6859a43b6641671278f79cfead60ac714148aabe4e3f0060480089f

BUNDLED WITH
  4.0.10
